
Microsoft Visual Studio Solution File, Format Version 12.00
# Visual Studio Version 16
VisualStudioVersion = 16.0.31019.35
MinimumVisualStudioVersion = 10.0.40219.1
Project("{8BC9CEB8-8B4A-11D0-8D11-00A0C91BC942}") = "돈까스", "돈까스\돈까스.vcxproj", "{BEF40341-4541-42DC-BBC8-8091DED76AAD}"
EndProject
Global
	GlobalSection(SolutionConfigurationPlatforms) = preSolution
		Debug|x64 = Debug|x64
		Debug|x86 = Debug|x86
		Release|x64 = Release|x64
		Release|x86 = Release|x86
	EndGlobalSection
	GlobalSection(ProjectConfigurationPlatforms) = postSolution
		{BEF40341-4541-42DC-BBC8-8091DED76AAD}.Debug|x64.ActiveCfg = Debug|x64
		{BEF40341-4541-42DC-BBC8-8091DED76AAD}.Debug|x64.Build.0 = Debug|x64
		{BEF40341-4541-42DC-BBC8-8091DED76AAD}.Debug|x86.ActiveCfg = Debug|Win32
		{BEF40341-4541-42DC-BBC8-8091DED76AAD}.Debug|x86.Build.0 = Debug|Win32
		{BEF40341-4541-42DC-BBC8-8091DED76AAD}.Release|x64.ActiveCfg = Release|x64
		{BEF40341-4541-42DC-BBC8-8091DED76AAD}.Release|x64.Build.0 = Release|x64
		{BEF40341-4541-42DC-BBC8-8091DED76AAD}.Release|x86.ActiveCfg = Release|Win32
		{BEF40341-4541-42DC-BBC8-8091DED76AAD}.Release|x86.Build.0 = Release|Win32
	EndGlobalSection
	GlobalSection(SolutionProperties) = preSolution
		HideSolutionNode = FALSE
	EndGlobalSection
	GlobalSection(ExtensibilityGlobals) = postSolution
		SolutionGuid = {281B4B78-7403-4F82-A96B-8EE734C6562D}
	EndGlobalSection
EndGlobal
